
Microsoft Visual Studio Solution File, Format Version 12.00
# Visual Studio Version 17
VisualStudioVersion = 17.3.32929.385
MinimumVisualStudioVersion = 10.0.40219.1
Project("{FAE04EC0-301F-11D3-BF4B-00C04F79EFBC}") = "personal_page_info", "personal_page_info\personal_page_info.csproj", "{B3B91CBA-FD4E-43B5-B3A0-0BA00B1A168E}"
EndProject
Global
	GlobalSection(SolutionConfigurationPlatforms) = preSolution
		Debug|Any CPU = Debug|Any CPU
		Release|Any CPU = Release|Any CPU
	EndGlobalSection
	GlobalSection(ProjectConfigurationPlatforms) = postSolution
		{B3B91CBA-FD4E-43B5-B3A0-0BA00B1A168E}.Debug|Any CPU.ActiveCfg = Debug|Any CPU
		{B3B91CBA-FD4E-43B5-B3A0-0BA00B1A168E}.Debug|Any CPU.Build.0 = Debug|Any CPU
		{B3B91CBA-FD4E-43B5-B3A0-0BA00B1A168E}.Release|Any CPU.ActiveCfg = Release|Any CPU
		{B3B91CBA-FD4E-43B5-B3A0-0BA00B1A168E}.Release|Any CPU.Build.0 = Release|Any CPU
	EndGlobalSection
	GlobalSection(SolutionProperties) = preSolution
		HideSolutionNode = FALSE
	EndGlobalSection
	GlobalSection(ExtensibilityGlobals) = postSolution
		SolutionGuid = {1E22F01D-C616-4C12-B983-0A570EFF2AD3}
	EndGlobalSection
EndGlobal
